
Microsoft Visual Studio Solution File, Format Version 12.00
# Visual Studio Version 16
VisualStudioVersion = 16.0.37327.17
MinimumVisualStudioVersion = 10.0.40219.1
Project("{FAE04EC0-301F-11D3-BF4B-00C04F79EFBC}") = "1Prac", "1Prac\1Prac.csproj", "{0464EC9F-326E-43E7-BF8B-514747BFA5FC}"
EndProject
Global
	GlobalSection(SolutionConfigurationPlatforms) = preSolution
		Debug|Any CPU = Debug|Any CPU
		Release|Any CPU = Release|Any CPU
	EndGlobalSection
	GlobalSection(ProjectConfigurationPlatforms) = postSolution
		{0464EC9F-326E-43E7-BF8B-514747BFA5FC}.Debug|Any CPU.ActiveCfg = Debug|Any CPU
		{0464EC9F-326E-43E7-BF8B-514747BFA5FC}.Debug|Any CPU.Build.0 = Debug|Any CPU
		{0464EC9F-326E-43E7-BF8B-514747BFA5FC}.Release|Any CPU.ActiveCfg = Release|Any CPU
		{0464EC9F-326E-43E7-BF8B-514747BFA5FC}.Release|Any CPU.Build.0 = Release|Any CPU
	EndGlobalSection
	GlobalSection(SolutionProperties) = preSolution
		HideSolutionNode = FALSE
	EndGlobalSection
	GlobalSection(ExtensibilityGlobals) = postSolution
		SolutionGuid = {403839B2-04FC-466A-82CB-CE8010F7E959}
	EndGlobalSection
EndGlobal
