
Microsoft Visual Studio Solution File, Format Version 12.00
# Visual Studio Version 16
VisualStudioVersion = 16.0.37327.17
MinimumVisualStudioVersion = 10.0.40219.1
Project("{FAE04EC0-301F-11D3-BF4B-00C04F79EFBC}") = "8InheritanceForm", "8InheritanceForm\8InheritanceForm.csproj", "{A30D8757-42CB-496A-843A-371DE2CF91B1}"
EndProject
Global
	GlobalSection(SolutionConfigurationPlatforms) = preSolution
		Debug|Any CPU = Debug|Any CPU
		Release|Any CPU = Release|Any CPU
	EndGlobalSection
	GlobalSection(ProjectConfigurationPlatforms) = postSolution
		{A30D8757-42CB-496A-843A-371DE2CF91B1}.Debug|Any CPU.ActiveCfg = Debug|Any CPU
		{A30D8757-42CB-496A-843A-371DE2CF91B1}.Debug|Any CPU.Build.0 = Debug|Any CPU
		{A30D8757-42CB-496A-843A-371DE2CF91B1}.Release|Any CPU.ActiveCfg = Release|Any CPU
		{A30D8757-42CB-496A-843A-371DE2CF91B1}.Release|Any CPU.Build.0 = Release|Any CPU
	EndGlobalSection
	GlobalSection(SolutionProperties) = preSolution
		HideSolutionNode = FALSE
	EndGlobalSection
	GlobalSection(ExtensibilityGlobals) = postSolution
		SolutionGuid = {BAF0ED00-64F5-4479-90B0-6C0596ABD713}
	EndGlobalSection
EndGlobal
