
Microsoft Visual Studio Solution File, Format Version 12.00
# Visual Studio Version 16
VisualStudioVersion = 16.0.37327.17
MinimumVisualStudioVersion = 10.0.40219.1
Project("{FAE04EC0-301F-11D3-BF4B-00C04F79EFBC}") = "7Inheritance", "7Inheritance\7Inheritance.csproj", "{D09E2BA2-1FD5-461F-8648-C498B0E86C87}"
EndProject
Global
	GlobalSection(SolutionConfigurationPlatforms) = preSolution
		Debug|Any CPU = Debug|Any CPU
		Release|Any CPU = Release|Any CPU
	EndGlobalSection
	GlobalSection(ProjectConfigurationPlatforms) = postSolution
		{D09E2BA2-1FD5-461F-8648-C498B0E86C87}.Debug|Any CPU.ActiveCfg = Debug|Any CPU
		{D09E2BA2-1FD5-461F-8648-C498B0E86C87}.Debug|Any CPU.Build.0 = Debug|Any CPU
		{D09E2BA2-1FD5-461F-8648-C498B0E86C87}.Release|Any CPU.ActiveCfg = Release|Any CPU
		{D09E2BA2-1FD5-461F-8648-C498B0E86C87}.Release|Any CPU.Build.0 = Release|Any CPU
	EndGlobalSection
	GlobalSection(SolutionProperties) = preSolution
		HideSolutionNode = FALSE
	EndGlobalSection
	GlobalSection(ExtensibilityGlobals) = postSolution
		SolutionGuid = {F3C609E6-C0D5-416C-A771-934409F694E2}
	EndGlobalSection
EndGlobal
