
Microsoft Visual Studio Solution File, Format Version 12.00
# Visual Studio Version 16
VisualStudioVersion = 16.0.37327.17
MinimumVisualStudioVersion = 10.0.40219.1
Project("{FAE04EC0-301F-11D3-BF4B-00C04F79EFBC}") = "1ConsoleApp", "1ConsoleApp\1ConsoleApp.csproj", "{1ADD7CA9-F997-489A-B90E-D76CC671B702}"
EndProject
Global
	GlobalSection(SolutionConfigurationPlatforms) = preSolution
		Debug|Any CPU = Debug|Any CPU
		Release|Any CPU = Release|Any CPU
	EndGlobalSection
	GlobalSection(ProjectConfigurationPlatforms) = postSolution
		{1ADD7CA9-F997-489A-B90E-D76CC671B702}.Debug|Any CPU.ActiveCfg = Debug|Any CPU
		{1ADD7CA9-F997-489A-B90E-D76CC671B702}.Debug|Any CPU.Build.0 = Debug|Any CPU
		{1ADD7CA9-F997-489A-B90E-D76CC671B702}.Release|Any CPU.ActiveCfg = Release|Any CPU
		{1ADD7CA9-F997-489A-B90E-D76CC671B702}.Release|Any CPU.Build.0 = Release|Any CPU
	EndGlobalSection
	GlobalSection(SolutionProperties) = preSolution
		HideSolutionNode = FALSE
	EndGlobalSection
	GlobalSection(ExtensibilityGlobals) = postSolution
		SolutionGuid = {058CF9F5-9925-48BB-AFDF-C6EADE45457B}
	EndGlobalSection
EndGlobal
