
Microsoft Visual Studio Solution File, Format Version 12.00
# Visual Studio Version 16
VisualStudioVersion = 16.0.37327.17
MinimumVisualStudioVersion = 10.0.40219.1
Project("{FAE04EC0-301F-11D3-BF4B-00C04F79EFBC}") = "d1hw3", "d1hw3\d1hw3.csproj", "{30999D61-A4C4-479A-BA7D-4044E6086F4F}"
EndProject
Global
	GlobalSection(SolutionConfigurationPlatforms) = preSolution
		Debug|Any CPU = Debug|Any CPU
		Release|Any CPU = Release|Any CPU
	EndGlobalSection
	GlobalSection(ProjectConfigurationPlatforms) = postSolution
		{30999D61-A4C4-479A-BA7D-4044E6086F4F}.Debug|Any CPU.ActiveCfg = Debug|Any CPU
		{30999D61-A4C4-479A-BA7D-4044E6086F4F}.Debug|Any CPU.Build.0 = Debug|Any CPU
		{30999D61-A4C4-479A-BA7D-4044E6086F4F}.Release|Any CPU.ActiveCfg = Release|Any CPU
		{30999D61-A4C4-479A-BA7D-4044E6086F4F}.Release|Any CPU.Build.0 = Release|Any CPU
	EndGlobalSection
	GlobalSection(SolutionProperties) = preSolution
		HideSolutionNode = FALSE
	EndGlobalSection
	GlobalSection(ExtensibilityGlobals) = postSolution
		SolutionGuid = {FDB090AE-1A2F-4EF0-BEF7-DD3977766E0A}
	EndGlobalSection
EndGlobal
