
Microsoft Visual Studio Solution File, Format Version 12.00
# Visual Studio Version 16
VisualStudioVersion = 16.0.37327.17
MinimumVisualStudioVersion = 10.0.40219.1
Project("{FAE04EC0-301F-11D3-BF4B-00C04F79EFBC}") = "30DB", "30DB\30DB.csproj", "{FA3EE427-862B-44A5-BCD3-392A2898F2EE}"
EndProject
Global
	GlobalSection(SolutionConfigurationPlatforms) = preSolution
		Debug|Any CPU = Debug|Any CPU
		Release|Any CPU = Release|Any CPU
	EndGlobalSection
	GlobalSection(ProjectConfigurationPlatforms) = postSolution
		{FA3EE427-862B-44A5-BCD3-392A2898F2EE}.Debug|Any CPU.ActiveCfg = Debug|Any CPU
		{FA3EE427-862B-44A5-BCD3-392A2898F2EE}.Debug|Any CPU.Build.0 = Debug|Any CPU
		{FA3EE427-862B-44A5-BCD3-392A2898F2EE}.Release|Any CPU.ActiveCfg = Release|Any CPU
		{FA3EE427-862B-44A5-BCD3-392A2898F2EE}.Release|Any CPU.Build.0 = Release|Any CPU
	EndGlobalSection
	GlobalSection(SolutionProperties) = preSolution
		HideSolutionNode = FALSE
	EndGlobalSection
	GlobalSection(ExtensibilityGlobals) = postSolution
		SolutionGuid = {45A89280-6DC8-4A6F-848A-CB7F96CE8EC4}
	EndGlobalSection
EndGlobal
