
Microsoft Visual Studio Solution File, Format Version 12.00
# Visual Studio Version 16
VisualStudioVersion = 16.0.37327.17
MinimumVisualStudioVersion = 10.0.40219.1
Project("{FAE04EC0-301F-11D3-BF4B-00C04F79EFBC}") = "SPTest", "SPTest\SPTest.csproj", "{C5FDCBC7-D8AA-49D3-91A2-DEF789A7C2CE}"
EndProject
Global
	GlobalSection(SolutionConfigurationPlatforms) = preSolution
		Debug|Any CPU = Debug|Any CPU
		Release|Any CPU = Release|Any CPU
	EndGlobalSection
	GlobalSection(ProjectConfigurationPlatforms) = postSolution
		{C5FDCBC7-D8AA-49D3-91A2-DEF789A7C2CE}.Debug|Any CPU.ActiveCfg = Debug|Any CPU
		{C5FDCBC7-D8AA-49D3-91A2-DEF789A7C2CE}.Debug|Any CPU.Build.0 = Debug|Any CPU
		{C5FDCBC7-D8AA-49D3-91A2-DEF789A7C2CE}.Release|Any CPU.ActiveCfg = Release|Any CPU
		{C5FDCBC7-D8AA-49D3-91A2-DEF789A7C2CE}.Release|Any CPU.Build.0 = Release|Any CPU
	EndGlobalSection
	GlobalSection(SolutionProperties) = preSolution
		HideSolutionNode = FALSE
	EndGlobalSection
	GlobalSection(ExtensibilityGlobals) = postSolution
		SolutionGuid = {0E3FFEB2-9F07-406D-851E-518B9D18EB5B}
	EndGlobalSection
EndGlobal
